schema_version: "atlas.stack.lock.v1"
stack_manifest_path: "stack.yaml"
stack_manifest_digest: "sha256:e5ac73c00983975b59e4b8e7f8541160d479087f5dc95ad1d642568116bd7d10"
component_count: 10
components:
  _stack:
    path: "repos/_stack"
    role: "workflow-operator"
    status: "active"
    remote: "https://github.com/fawxzzy/_stack.git"
    ref_type: "branch"
    ref: "codex/queue-or-registry-broader-execution-behavior"
    commit: "70289e0248764586a62e16847adb86e34077cada"
    dirty: false
    trust_class: "trusted"
    release_eligible: false
  discordos:
    path: "repos/DiscordOS"
    role: "application"
    status: "incubating"
    remote: "https://github.com/fawxzzy/DiscordOS.git"
    ref_type: "branch"
    ref: "main"
    commit: "9bfc67e38455754c63db98c96fcad439007c726d"
    dirty: false
    trust_class: "trusted"
    release_eligible: false
  foundation:
    path: "repos/foundation"
    role: "package"
    status: "active"
    remote: "https://github.com/fawxzzy/foundation.git"
    ref_type: "branch"
    ref: "main"
    commit: "fd1cf0650cdbb732f1231aa47a6e43138dab9062"
    dirty: false
    trust_class: "trusted"
    release_eligible: true
  lifeline:
    path: "repos/lifeline"
    role: "local-operator"
    status: "active"
    remote: "https://github.com/fawxzzy/lifeline.git"
    ref_type: "branch"
    ref: "codex/path-discipline-warning-slice-lifeline"
    commit: "538f623a84b003e70dadd234e6ea3af642446a5f"
    dirty: false
    trust_class: "trusted"
    release_eligible: true
  mazer:
    path: "repos/mazer"
    role: "application"
    status: "active"
    remote: "https://github.com/fawxzzy/mazer.git"
    ref_type: "branch"
    ref: "codex/mazer-pass2-menu-parity"
    commit: "db7578d8fc4f202935dc5ed3eba93d154217b5a6"
    dirty: false
    trust_class: "trusted"
    release_eligible: true
  nat1-games:
    path: "repos/Nat1-Games/nat1-games"
    role: "application"
    status: "incubating"
    remote: "https://github.com/ZachariahRedfield/nat1-games.git"
    ref_type: "branch"
    ref: "codex/path-discipline-warning-slice-nat1"
    commit: "404460d3717fab389407582048a9b9f228f26d39"
    dirty: false
    trust_class: "trusted"
    release_eligible: false
  playbook:
    path: "repos/playbook"
    role: "governance-runtime"
    status: "active"
    remote: "https://github.com/fawxzzy/playbook.git"
    ref_type: "branch"
    ref: "codex/path-discipline-warning-slice-playbook"
    commit: "10b8f0ac044a7f9c66b4aa8dd08f6abd2d1c5269"
    dirty: false
    trust_class: "trusted"
    release_eligible: true
  playbook-demo:
    path: "repos/playbook-demo/playbook-demo"
    role: "demo"
    status: "demo"
    remote: "https://github.com/ZachariahRedfield/playbook-demo.git"
    ref_type: "branch"
    ref: "main"
    commit: "4d0444bcb14c3470fe0913a21c8739f0791a1827"
    dirty: false
    trust_class: "trusted"
    release_eligible: false
  stream:
    path: "repos/stream"
    role: "application"
    status: "incubating"
    remote: null
    ref_type: "branch"
    ref: "main"
    commit: "43769ba86d4c6ebc419ab9e7847c3843460a094f"
    dirty: false
    trust_class: "trusted"
    release_eligible: false
  trove:
    path: "repos/trove"
    role: "application"
    status: "active"
    remote: "https://github.com/fawxzzy/trove.git"
    ref_type: "branch"
    ref: "codex/path-discipline-warning-slice-trove"
    commit: "437c7604adee02e0403d77f75162a6c5f232221f"
    dirty: false
    trust_class: "trusted"
    release_eligible: true
excluded_surfaces:
  atlas_adjacent_checkout:
    path: "repos/ATLAS"
    present: false
    trust_class: "adjacent"
    release_eligible: false
    reason: "Local ATLAS sibling checkout remains an adjacent non-canonical repo root and is not part of the governed stack member set."
  cortex_adjacent_checkout:
    path: "repos/fawxzzy-cortex"
    present: false
    trust_class: "adjacent"
    release_eligible: false
    reason: "Cortex checkout is present in the workspace as an adjacent repo but is not yet a governed ATLAS child-repo adoption target."
  cortex_playbook_snapshot_archive:
    path: "repos/CORTEX-AND-PLAYBOOK-20260408.zip"
    present: false
    trust_class: "untrusted"
    release_eligible: false
    reason: "Mixed-owner snapshot reference remains manifest-visible for provenance only and must not be treated as owner truth before owner-split review."
  dev_workspace_snapshot_archive:
    path: "repos/dev.zip"
    present: false
    trust_class: "untrusted"
    release_eligible: false
    reason: "Generic legacy workspace snapshot remains manifest-visible for provenance only and must stay out of normal repo and release flows until cataloged."
  fitness_parity_recovery_adjacent_checkout:
    path: "repos/fawxzzy-fitness-parity-recovery"
    present: false
    trust_class: "adjacent"
    release_eligible: false
    reason: "Fitness parity recovery checkout remains an adjacent recovery surface and is excluded from the governed stack topology."
  fitness_reclone_adjacent_checkout:
    path: "repos/fawxzzy-fitness.reclone.20260502-195639"
    present: false
    trust_class: "adjacent"
    release_eligible: false
    reason: "Fitness reclone checkout remains an adjacent recovery surface and is excluded from the governed stack topology."
  fitness_reclone_recovery_checkout:
    path: "repos/fawxzzy-fitness.reclone.20260502-195639"
    present: false
    trust_class: "untrusted"
    release_eligible: false
    reason: "Fitness reclone remains a historical recovery checkout outside the canonical child repo and should not count as active stack adoption."
  fitness_recovered_adjacent_checkout:
    path: "repos/fawxzzy-fitness-recovered"
    present: false
    trust_class: "adjacent"
    release_eligible: false
    reason: "Fitness recovered checkout remains an adjacent recovery surface and is excluded from the governed stack topology."
  fitness_recovered_checkout:
    path: "repos/fawxzzy-fitness-recovered"
    present: false
    trust_class: "untrusted"
    release_eligible: false
    reason: "Fitness recovered checkout remains a non-canonical recovery lane outside the governed child-repo release surface."
  lifeline_operator_evidence_worktree:
    path: "repos/lifeline-operator-evidence"
    present: false
    trust_class: "trusted"
    release_eligible: false
    reason: "Lifeline operator evidence is a branch worktree of the registered lifeline repo and remains a temporary non-canonical evidence lane outside the governed repo surface."
  playbook_codex_adjacent_checkout:
    path: "repos/fawxzzy-playbook-codex"
    present: false
    trust_class: "adjacent"
    release_eligible: false
    reason: "Local Playbook Codex checkout remains an adjacent non-canonical helper surface outside the governed stack member set."
  repo_backups_archive_surface:
    path: "repos/repo-backups"
    present: true
    trust_class: "trusted"
    release_eligible: false
    reason: "Legacy bundle and patch backup drop remains visible for recovery provenance but is not a source repo surface and should converge on packages/bundles and packages/patches."
  trove_release_cutover_worktree:
    path: "repos/trove-release-cutover"
    present: false
    trust_class: "trusted"
    release_eligible: false
    reason: "Trove release cutover is a branch worktree of the registered trove repo and remains a temporary non-canonical cutover lane outside the governed repo surface."
  verta_core_archive:
    path: "repos/Verta-Core.zip"
    present: false
    trust_class: "untrusted"
    release_eligible: false
    reason: "Token-bearing Verta archive remains quarantined private evidence and must stay out of release sets."
  verta_core_checkout:
    path: "repos/Verta-Core"
    present: false
    trust_class: "untrusted"
    release_eligible: false
    reason: "Token-bearing Verta checkout remains quarantined and untrusted until scrub and rotation are complete."
  zachariah_redfield_adjacent_checkout:
    path: "repos/ZachariahRedfield"
    present: true
    trust_class: "adjacent"
    release_eligible: false
    reason: "ZachariahRedfield checkout is an adjacent unmanaged repo and is outside the governed ATLAS release surface."
  zachariahredfield_adjacent_checkout:
    path: "repos/ZachariahRedfield"
    present: true
    trust_class: "adjacent"
    release_eligible: false
    reason: "Local ZachariahRedfield checkout remains an adjacent personal repo root and is not part of the governed stack member set."
lock_digest: "sha256:8a010681b27864def019acb56423870a9cb327e0638ae1033845ff573eb41f0c"
